{
  "name": "classic-cryptography",
  "version": "1.0.0",
  "lockfileVersion": 3,
  "requires": true,
  "packages": {
    "": {
      "name": "classic-cryptography",
      "version": "1.0.0",
      "license": "ISC",
      "dependencies": {
        "classic-cryptography": "^1.0.0"
      }
    },
    "node_modules/classic-cryptography": {
      "version": "1.0.0",
      "resolved": "https://registry.npmjs.org/classic-cryptography/-/classic-cryptography-1.0.0.tgz",
      "integrity": "sha512-fzn1T9hQpxbnN/xnxNzrLrbswAnM1rTXwl/QZtYKFhvTigliY5FOgRJkdk/CAumO1ByanlIgYR1BkGZ47KYM6g==",
      "license": "ISC"
    }
  }
}
